
Microsoft Visual Studio Solution File, Format Version 12.00
# Visual Studio Version 16
VisualStudioVersion = 16.0.31729.503
MinimumVisualStudioVersion = 10.0.40219.1
Project("{FAE04EC0-301F-11D3-BF4B-00C04F79EFBC}") = "OrthoFlash", "OrthoFlash\OrthoFlash.csproj", "{1F4E00E4-F36D-44C1-B1D7-904F3D1589F1}"
EndProject
Project("{FAE04EC0-301F-11D3-BF4B-00C04F79EFBC}") = "OrthoFlashTests", "OrthoFlashTests\OrthoFlashTests.csproj", "{CE0449EC-FF65-4372-AAFF-C6B7D3F1327A}"
EndProject
Global
	GlobalSection(SolutionConfigurationPlatforms) = preSolution
		Debug|Any CPU = Debug|Any CPU
		Release|Any CPU = Release|Any CPU
	EndGlobalSection
	GlobalSection(ProjectConfigurationPlatforms) = postSolution
		{1F4E00E4-F36D-44C1-B1D7-904F3D1589F1}.Debug|Any CPU.ActiveCfg = Debug|Any CPU
		{1F4E00E4-F36D-44C1-B1D7-904F3D1589F1}.Debug|Any CPU.Build.0 = Debug|Any CPU
		{1F4E00E4-F36D-44C1-B1D7-904F3D1589F1}.Release|Any CPU.ActiveCfg = Release|Any CPU
		{1F4E00E4-F36D-44C1-B1D7-904F3D1589F1}.Release|Any CPU.Build.0 = Release|Any CPU
		{CE0449EC-FF65-4372-AAFF-C6B7D3F1327A}.Debug|Any CPU.ActiveCfg = Debug|Any CPU
		{CE0449EC-FF65-4372-AAFF-C6B7D3F1327A}.Debug|Any CPU.Build.0 = Debug|Any CPU
		{CE0449EC-FF65-4372-AAFF-C6B7D3F1327A}.Release|Any CPU.ActiveCfg = Release|Any CPU
		{CE0449EC-FF65-4372-AAFF-C6B7D3F1327A}.Release|Any CPU.Build.0 = Release|Any CPU
	EndGlobalSection
	GlobalSection(SolutionProperties) = preSolution
		HideSolutionNode = FALSE
	EndGlobalSection
	GlobalSection(ExtensibilityGlobals) = postSolution
		SolutionGuid = {44E05524-3651-4FC3-BB4E-08B627A30394}
	EndGlobalSection
EndGlobal
